{
  "version": 4,
  "terraform_version": "1.14.0",
  "serial": 23,
  "lineage": "b2eed3ff-5817-a7b0-c51d-181d5d1a865c",
  "outputs": {},
  "resources": [
    {
      "mode": "managed",
      "type": "azurerm_linux_virtual_machine",
      "name": "workstation",
      "provider": "provider[\"registry.terraform.io/hashicorp/azurerm\"]",
      "instances": [
        {
          "schema_version": 0,
          "attributes": {
            "additional_capabilities": [],
            "admin_password": "Devops@12345",
            "admin_ssh_key": [],
            "admin_username": "devops",
            "allow_extension_operations": true,
            "availability_set_id": "",
            "boot_diagnostics": [],
            "bypass_platform_safety_checks_on_user_schedule_enabled": false,
            "capacity_reservation_group_id": "",
            "computer_name": "workstation",
            "custom_data": null,
            "dedicated_host_group_id": "",
            "dedicated_host_id": "",
            "disable_password_authentication": false,
            "disk_controller_type": "SCSI",
            "edge_zone": "",
            "encryption_at_host_enabled": false,
            "eviction_policy": "",
            "extensions_time_budget": "PT1H30M",
            "gallery_application": [],
            "id": "/subscriptions/9be9bd1a-817e-486f-9b33-1b1f79ed3727/resourceGroups/denmark-east/providers/Microsoft.Compute/virtualMachines/workstation",
            "identity": [],
            "license_type": "",
            "location": "denmarkeast",
            "max_bid_price": -1,
            "name": "workstation",
            "network_interface_ids": [
              "/subscriptions/9be9bd1a-817e-486f-9b33-1b1f79ed3727/resourceGroups/denmark-east/providers/Microsoft.Network/networkInterfaces/workstation-nic"
            ],
            "os_disk": [
              {
                "caching": "ReadWrite",
                "diff_disk_settings": [],
                "disk_encryption_set_id": "",
                "disk_size_gb": 64,
                "id": "/subscriptions/9be9bd1a-817e-486f-9b33-1b1f79ed3727/resourceGroups/denmark-east/providers/Microsoft.Compute/disks/workstation_OsDisk_1_2996520476cf4914bd945e0df66aa172",
                "name": "workstation_OsDisk_1_2996520476cf4914bd945e0df66aa172",
                "secure_vm_disk_encryption_set_id": "",
                "security_encryption_type": "",
                "storage_account_type": "Standard_LRS",
                "write_accelerator_enabled": false
              }
            ],
            "os_image_notification": [],
            "os_managed_disk_id": "/subscriptions/9be9bd1a-817e-486f-9b33-1b1f79ed3727/resourceGroups/denmark-east/providers/Microsoft.Compute/disks/workstation_OsDisk_1_2996520476cf4914bd945e0df66aa172",
            "patch_assessment_mode": "ImageDefault",
            "patch_mode": "ImageDefault",
            "plan": [],
            "platform_fault_domain": -1,
            "priority": "Regular",
            "private_ip_address": "10.0.0.10",
            "private_ip_addresses": [
              "10.0.0.10"
            ],
            "provision_vm_agent": true,
            "proximity_placement_group_id": "",
            "public_ip_address": "9.205.155.110",
            "public_ip_addresses": [
              "9.205.155.110"
            ],
            "reboot_setting": "",
            "resource_group_name": "denmark-east",
            "secret": [],
            "secure_boot_enabled": false,
            "size": "Standard_B1s",
            "source_image_id": "/subscriptions/9be9bd1a-817e-486f-9b33-1b1f79ed3727/resourceGroups/denmark-east/providers/Microsoft.Compute/galleries/roboshopGallery/images/roboshopImage",
            "source_image_reference": [],
            "tags": {},
            "termination_notification": [],
            "timeouts": null,
            "user_data": "",
            "virtual_machine_id": "615e6591-2a94-4b6a-a0e4-9622ba0b55fc",
            "virtual_machine_scale_set_id": "",
            "vm_agent_platform_updates_enabled": false,
            "vtpm_enabled": true,
            "zone": ""
          },
          "sensitive_attributes": [
            [
              {
                "type": "get_attr",
                "value": "admin_password"
              }
            ],
            [
              {
                "type": "get_attr",
                "value": "custom_data"
              }
            ]
          ],
          "identity_schema_version": 0,
          "private": "eyJlMmJmYjczMC1lY2FhLTExZTYtOGY4OC0zNDM2M2JjN2M0YzAiOnsiY3JlYXRlIjoyNzAwMDAwMDAwMDAwLCJkZWxldGUiOjI3MDAwMDAwMDAwMDAsInJlYWQiOjMwMDAwMDAwMDAwMCwidXBkYXRlIjoyNzAwMDAwMDAwMDAwfX0=",
          "dependencies": [
            "azurerm_network_interface.workstation",
            "azurerm_public_ip.workstation"
          ]
        }
      ]
    },
    {
      "mode": "managed",
      "type": "azurerm_network_interface",
      "name": "workstation",
      "provider": "provider[\"registry.terraform.io/hashicorp/azurerm\"]",
      "instances": [
        {
          "schema_version": 0,
          "attributes": {
            "accelerated_networking_enabled": false,
            "applied_dns_servers": [],
            "auxiliary_mode": "",
            "auxiliary_sku": "",
            "dns_servers": [],
            "edge_zone": "",
            "id": "/subscriptions/9be9bd1a-817e-486f-9b33-1b1f79ed3727/resourceGroups/denmark-east/providers/Microsoft.Network/networkInterfaces/workstation-nic",
            "internal_dns_name_label": "",
            "internal_domain_name_suffix": "",
            "ip_configuration": [
              {
                "gateway_load_balancer_frontend_ip_configuration_id": "",
                "name": "workstation",
                "primary": true,
                "private_ip_address": "10.0.0.10",
                "private_ip_address_allocation": "Dynamic",
                "private_ip_address_version": "IPv4",
                "public_ip_address_id": "/subscriptions/9be9bd1a-817e-486f-9b33-1b1f79ed3727/resourceGroups/denmark-east/providers/Microsoft.Network/publicIPAddresses/workstation-pip",
                "subnet_id": "/subscriptions/9be9bd1a-817e-486f-9b33-1b1f79ed3727/resourceGroups/denmark-east/providers/Microsoft.Network/virtualNetworks/test-virtual-network/subnets/default"
              }
            ],
            "ip_forwarding_enabled": false,
            "location": "denmarkeast",
            "mac_address": "7C-ED-8D-6A-D6-C9",
            "name": "workstation-nic",
            "private_ip_address": "10.0.0.10",
            "private_ip_addresses": [
              "10.0.0.10"
            ],
            "resource_group_name": "denmark-east",
            "tags": {},
            "timeouts": null,
            "virtual_machine_id": "/subscriptions/9be9bd1a-817e-486f-9b33-1b1f79ed3727/resourceGroups/denmark-east/providers/Microsoft.Compute/virtualMachines/workstation"
          },
          "sensitive_attributes": [],
          "identity_schema_version": 0,
          "identity": {
            "name": "workstation-nic",
            "resource_group_name": "denmark-east",
            "subscription_id": "9be9bd1a-817e-486f-9b33-1b1f79ed3727"
          },
          "private": "eyJlMmJmYjczMC1lY2FhLTExZTYtOGY4OC0zNDM2M2JjN2M0YzAiOnsiY3JlYXRlIjoxODAwMDAwMDAwMDAwLCJkZWxldGUiOjE4MDAwMDAwMDAwMDAsInJlYWQiOjMwMDAwMDAwMDAwMCwidXBkYXRlIjoxODAwMDAwMDAwMDAwfX0=",
          "dependencies": [
            "azurerm_public_ip.workstation"
          ]
        }
      ]
    },
    {
      "mode": "managed",
      "type": "azurerm_network_interface_security_group_association",
      "name": "workstation",
      "provider": "provider[\"registry.terraform.io/hashicorp/azurerm\"]",
      "instances": [
        {
          "schema_version": 0,
          "attributes": {
            "id": "/subscriptions/9be9bd1a-817e-486f-9b33-1b1f79ed3727/resourceGroups/denmark-east/providers/Microsoft.Network/networkInterfaces/workstation-nic|/subscriptions/9be9bd1a-817e-486f-9b33-1b1f79ed3727/resourceGroups/denmark-east/providers/Microsoft.Network/networkSecurityGroups/allow-all",
            "network_interface_id": "/subscriptions/9be9bd1a-817e-486f-9b33-1b1f79ed3727/resourceGroups/denmark-east/providers/Microsoft.Network/networkInterfaces/workstation-nic",
            "network_security_group_id": "/subscriptions/9be9bd1a-817e-486f-9b33-1b1f79ed3727/resourceGroups/denmark-east/providers/Microsoft.Network/networkSecurityGroups/allow-all",
            "timeouts": null
          },
          "sensitive_attributes": [],
          "identity_schema_version": 0,
          "private": "eyJlMmJmYjczMC1lY2FhLTExZTYtOGY4OC0zNDM2M2JjN2M0YzAiOnsiY3JlYXRlIjoxODAwMDAwMDAwMDAwLCJkZWxldGUiOjE4MDAwMDAwMDAwMDAsInJlYWQiOjMwMDAwMDAwMDAwMH19",
          "dependencies": [
            "azurerm_network_interface.workstation",
            "azurerm_public_ip.workstation"
          ]
        }
      ]
    },
    {
      "mode": "managed",
      "type": "azurerm_public_ip",
      "name": "workstation",
      "provider": "provider[\"registry.terraform.io/hashicorp/azurerm\"]",
      "instances": [
        {
          "schema_version": 0,
          "attributes": {
            "allocation_method": "Static",
            "ddos_protection_mode": "VirtualNetworkInherited",
            "ddos_protection_plan_id": null,
            "domain_name_label": "",
            "domain_name_label_scope": "",
            "edge_zone": "",
            "fqdn": "",
            "id": "/subscriptions/9be9bd1a-817e-486f-9b33-1b1f79ed3727/resourceGroups/denmark-east/providers/Microsoft.Network/publicIPAddresses/workstation-pip",
            "idle_timeout_in_minutes": 4,
            "ip_address": "9.205.155.110",
            "ip_tags": {},
            "ip_version": "IPv4",
            "location": "denmarkeast",
            "name": "workstation-pip",
            "public_ip_prefix_id": null,
            "resource_group_name": "denmark-east",
            "reverse_fqdn": "",
            "sku": "Standard",
            "sku_tier": "Regional",
            "tags": {},
            "timeouts": null,
            "zones": []
          },
          "sensitive_attributes": [],
          "identity_schema_version": 0,
          "identity": {
            "name": "workstation-pip",
            "resource_group_name": "denmark-east",
            "subscription_id": "9be9bd1a-817e-486f-9b33-1b1f79ed3727"
          },
          "private": "eyJlMmJmYjczMC1lY2FhLTExZTYtOGY4OC0zNDM2M2JjN2M0YzAiOnsiY3JlYXRlIjoxODAwMDAwMDAwMDAwLCJkZWxldGUiOjE4MDAwMDAwMDAwMDAsInJlYWQiOjMwMDAwMDAwMDAwMCwidXBkYXRlIjoxODAwMDAwMDAwMDAwfX0="
        }
      ]
    },
    {
      "mode": "managed",
      "type": "null_resource",
      "name": "name",
      "provider": "provider[\"registry.terraform.io/hashicorp/null\"]",
      "instances": [
        {
          "status": "tainted",
          "schema_version": 0,
          "attributes": {
            "id": "8921770945422218641",
            "triggers": null
          },
          "sensitive_attributes": [],
          "identity_schema_version": 0,
          "dependencies": [
            "azurerm_linux_virtual_machine.workstation",
            "azurerm_network_interface.workstation",
            "azurerm_public_ip.workstation"
          ]
        }
      ]
    }
  ],
  "check_results": null
}
